
Microsoft Visual Studio Solution File, Format Version 12.00
# Visual Studio Version 17
VisualStudioVersion = 17.8.34408.163
MinimumVisualStudioVersion = 10.0.40219.1
Project("{8BC9CEB8-8B4A-11D0-8D11-00A0C91BC942}") = "TextRPG", "TextRPG\TextRPG.vcxproj", "{11295412-532E-4829-82AC-51DE967E2A44}"
EndProject
Global
	GlobalSection(SolutionConfigurationPlatforms) = preSolution
		Debug|x64 = Debug|x64
		Debug|x86 = Debug|x86
		Release|x64 = Release|x64
		Release|x86 = Release|x86
	EndGlobalSection
	GlobalSection(ProjectConfigurationPlatforms) = postSolution
		{11295412-532E-4829-82AC-51DE967E2A44}.Debug|x64.ActiveCfg = Debug|x64
		{11295412-532E-4829-82AC-51DE967E2A44}.Debug|x64.Build.0 = Debug|x64
		{11295412-532E-4829-82AC-51DE967E2A44}.Debug|x86.ActiveCfg = Debug|Win32
		{11295412-532E-4829-82AC-51DE967E2A44}.Debug|x86.Build.0 = Debug|Win32
		{11295412-532E-4829-82AC-51DE967E2A44}.Release|x64.ActiveCfg = Release|x64
		{11295412-532E-4829-82AC-51DE967E2A44}.Release|x64.Build.0 = Release|x64
		{11295412-532E-4829-82AC-51DE967E2A44}.Release|x86.ActiveCfg = Release|Win32
		{11295412-532E-4829-82AC-51DE967E2A44}.Release|x86.Build.0 = Release|Win32
	EndGlobalSection
	GlobalSection(SolutionProperties) = preSolution
		HideSolutionNode = FALSE
	EndGlobalSection
	GlobalSection(ExtensibilityGlobals) = postSolution
		SolutionGuid = {F230682D-9506-4A7D-8446-52FFEB2F3E17}
	EndGlobalSection
EndGlobal
